
Microsoft Visual Studio Solution File, Format Version 12.00
# Visual Studio Version 17
VisualStudioVersion = 17.5.002.0
MinimumVisualStudioVersion = 10.0.40219.1
Project("{9A19103F-16F7-4668-BE54-9A1E7A4F7556}") = "todo", "todo.csproj", "{B98A3AF6-02A2-4F32-BB5D-F548EABF6875}"
EndProject
Global
	GlobalSection(SolutionConfigurationPlatforms) = preSolution
		Debug|Any CPU = Debug|Any CPU
		Release|Any CPU = Release|Any CPU
	EndGlobalSection
	GlobalSection(ProjectConfigurationPlatforms) = postSolution
		{B98A3AF6-02A2-4F32-BB5D-F548EABF6875}.Debug|Any CPU.ActiveCfg = Debug|Any CPU
		{B98A3AF6-02A2-4F32-BB5D-F548EABF6875}.Debug|Any CPU.Build.0 = Debug|Any CPU
		{B98A3AF6-02A2-4F32-BB5D-F548EABF6875}.Release|Any CPU.ActiveCfg = Release|Any CPU
		{B98A3AF6-02A2-4F32-BB5D-F548EABF6875}.Release|Any CPU.Build.0 = Release|Any CPU
	EndGlobalSection
	GlobalSection(SolutionProperties) = preSolution
		HideSolutionNode = FALSE
	EndGlobalSection
	GlobalSection(ExtensibilityGlobals) = postSolution
		SolutionGuid = {C99FA668-B6BF-4322-BD73-79BB6A7EC3DC}
	EndGlobalSection
EndGlobal
